// !$*UTF8*$!
{
	archiveVersion = 1;
	classes = {
	};
	objectVersion = 77;
	objects = {

/* Begin PBXContainerItemProxy section */
		2116BA142E8E00CE00CEB22E /* PBXContainerItemProxy */ = {
			isa = PBXContainerItemProxy;
			containerPortal = 2116B9FC2E8E00CD00CEB22E /* Project object */;
			proxyType = 1;
			remoteGlobalIDString = 2116BA032E8E00CD00CEB22E;
			remoteInfo = MacMultipeer;
		};
		2116BA1E2E8E00CE00CEB22E /* PBXContainerItemProxy */ = {
			isa = PBXContainerItemProxy;
			containerPortal = 2116B9FC2E8E00CD00CEB22E /* Project object */;
			proxyType = 1;
			remoteGlobalIDString = 2116BA032E8E00CD00CEB22E;
			remoteInfo = MacMultipeer;
		};
		21383CF32E8F479200099915 /* PBXContainerItemProxy */ = {
			isa = PBXContainerItemProxy;
			containerPortal = 2116B9FC2E8E00CD00CEB22E /* Project object */;
			proxyType = 1;
			remoteGlobalIDString = 21383CE32E8F479200099915;
			remoteInfo = MacMultipeerIOS;
		};
		21383CFD2E8F479200099915 /* PBXContainerItemProxy */ = {
			isa = PBXContainerItemProxy;
			containerPortal = 2116B9FC2E8E00CD00CEB22E /* Project object */;
			proxyType = 1;
			remoteGlobalIDString = 21383CE32E8F479200099915;
			remoteInfo = MacMultipeerIOS;
		};
/* End PBXContainerItemProxy section */

/* Begin PBXFileReference section */
		2116BA042E8E00CD00CEB22E /* MacMultipeer.app */ = {isa = PBXFileReference; explicitFileType = wrapper.application; includeInIndex = 0; path = MacMultipeer.app; sourceTree = BUILT_PRODUCTS_DIR; };
		2116BA132E8E00CE00CEB22E /* MacMultipeerTests.xctest */ = {isa = PBXFileReference; explicitFileType = wrapper.cfbundle; includeInIndex = 0; path = MacMultipeerTests.xctest; sourceTree = BUILT_PRODUCTS_DIR; };
		2116BA1D2E8E00CE00CEB22E /* MacMultipeerUITests.xctest */ = {isa = PBXFileReference; explicitFileType = wrapper.cfbundle; includeInIndex = 0; path = MacMultipeerUITests.xctest; sourceTree = BUILT_PRODUCTS_DIR; };
		21383CE42E8F479200099915 /* MacMultipeerIOS.app */ = {isa = PBXFileReference; explicitFileType = wrapper.application; includeInIndex = 0; path = MacMultipeerIOS.app; sourceTree = BUILT_PRODUCTS_DIR; };
		21383CF22E8F479200099915 /* MacMultipeerIOSTests.xctest */ = {isa = PBXFileReference; explicitFileType = wrapper.cfbundle; includeInIndex = 0; path = MacMultipeerIOSTests.xctest; sourceTree = BUILT_PRODUCTS_DIR; };
		21383CFC2E8F479200099915 /* MacMultipeerIOSUITests.xctest */ = {isa = PBXFileReference; explicitFileType = wrapper.cfbundle; includeInIndex = 0; path = MacMultipeerIOSUITests.xctest; sourceTree = BUILT_PRODUCTS_DIR; };
/* End PBXFileReference section */

/* Begin PBXFileSystemSynchronizedBuildFileExceptionSet section */
		21383D0F2E8F4A7B00099915 /* Exceptions for "MacMultipeer" folder in "MacMultipeer" target */ = {
			isa = PBXFileSystemSynchronizedBuildFileExceptionSet;
			membershipExceptions = (
				Info.plist,
			);
			target = 2116BA032E8E00CD00CEB22E /* MacMultipeer */;
		};
		21383D1A2E8F529900099915 /* Exceptions for "MacMultipeerIOS" folder in "MacMultipeerIOS" target */ = {
			isa = PBXFileSystemSynchronizedBuildFileExceptionSet;
			membershipExceptions = (
				Info.plist,
			);
			target = 21383CE32E8F479200099915 /* MacMultipeerIOS */;
		};
/* End PBXFileSystemSynchronizedBuildFileExceptionSet section */

/* Begin PBXFileSystemSynchronizedRootGroup section */
		2116BA062E8E00CD00CEB22E /* MacMultipeer */ = {
			isa = PBXFileSystemSynchronizedRootGroup;
			exceptions = (
				21383D0F2E8F4A7B00099915 /* Exceptions for "MacMultipeer" folder in "MacMultipeer" target */,
			);
			path = MacMultipeer;
			sourceTree = "<group>";
		};
		2116BA162E8E00CE00CEB22E /* MacMultipeerTests */ = {
			isa = PBXFileSystemSynchronizedRootGroup;
			path = MacMultipeerTests;
			sourceTree = "<group>";
		};
		2116BA202E8E00CE00CEB22E /* MacMultipeerUITests */ = {
			isa = PBXFileSystemSynchronizedRootGroup;
			path = MacMultipeerUITests;
			sourceTree = "<group>";
		};
		21383CE52E8F479200099915 /* MacMultipeerIOS */ = {
			isa = PBXFileSystemSynchronizedRootGroup;
			exceptions = (
				21383D1A2E8F529900099915 /* Exceptions for "MacMultipeerIOS" folder in "MacMultipeerIOS" target */,
			);
			path = MacMultipeerIOS;
			sourceTree = "<group>";
		};
		21383CF52E8F479200099915 /* MacMultipeerIOSTests */ = {
			isa = PBXFileSystemSynchronizedRootGroup;
			path = MacMultipeerIOSTests;
			sourceTree = "<group>";
		};
		21383CFF2E8F479200099915 /* MacMultipeerIOSUITests */ = {
			isa = PBXFileSystemSynchronizedRootGroup;
			path = MacMultipeerIOSUITests;
			sourceTree = "<group>";
		};
/* End PBXFileSystemSynchronizedRootGroup section */

/* Begin PBXFrameworksBuildPhase section */
		2116BA012E8E00CD00CEB22E /* Frameworks */ = {
			isa = PBXFrameworksBuildPhase;
			buildActionMask = 2147483647;
			files = (
			);
			runOnlyForDeploymentPostprocessing = 0;
		};
		2116BA102E8E00CE00CEB22E /* Frameworks */ = {
			isa = PBXFrameworksBuildPhase;
			buildActionMask = 2147483647;
			files = (
			);
			runOnlyForDeploymentPostprocessing = 0;
		};
		2116BA1A2E8E00CE00CEB22E /* Frameworks */ = {
			isa = PBXFrameworksBuildPhase;
			buildActionMask = 2147483647;
			files = (
			);
			runOnlyForDeploymentPostprocessing = 0;
		};
		21383CE12E8F479200099915 /* Frameworks */ = {
			isa = PBXFrameworksBuildPhase;
			buildActionMask = 2147483647;
			files = (
			);
			runOnlyForDeploymentPostprocessing = 0;
		};
		21383CEF2E8F479200099915 /* Frameworks */ = {
			isa = PBXFrameworksBuildPhase;
			buildActionMask = 2147483647;
			files = (
			);
			runOnlyForDeploymentPostprocessing = 0;
		};
		21383CF92E8F479200099915 /* Frameworks */ = {
			isa = PBXFrameworksBuildPhase;
			buildActionMask = 2147483647;
			files = (
			);
			runOnlyForDeploymentPostprocessing = 0;
		};
/* End PBXFrameworksBuildPhase section */

/* Begin PBXGroup section */
		2116B9FB2E8E00CD00CEB22E = {
			isa = PBXGroup;
			children = (
				2116BA062E8E00CD00CEB22E /* MacMultipeer */,
				2116BA162E8E00CE00CEB22E /* MacMultipeerTests */,
				2116BA202E8E00CE00CEB22E /* MacMultipeerUITests */,
				21383CE52E8F479200099915 /* MacMultipeerIOS */,
				21383CF52E8F479200099915 /* MacMultipeerIOSTests */,
				21383CFF2E8F479200099915 /* MacMultipeerIOSUITests */,
				2116BA052E8E00CD00CEB22E /* Products */,
			);
			sourceTree = "<group>";
		};
		2116BA052E8E00CD00CEB22E /* Products */ = {
			isa = PBXGroup;
			children = (
				2116BA042E8E00CD00CEB22E /* MacMultipeer.app */,
				2116BA132E8E00CE00CEB22E /* MacMultipeerTests.xctest */,
				2116BA1D2E8E00CE00CEB22E /* MacMultipeerUITests.xctest */,
				21383CE42E8F479200099915 /* MacMultipeerIOS.app */,
				21383CF22E8F479200099915 /* MacMultipeerIOSTests.xctest */,
				21383CFC2E8F479200099915 /* MacMultipeerIOSUITests.xctest */,
			);
			name = Products;
			sourceTree = "<group>";
		};
/* End PBXGroup section */

/* Begin PBXNativeTarget section */
		2116BA032E8E00CD00CEB22E /* MacMultipeer */ = {
			isa = PBXNativeTarget;
			buildConfigurationList = 2116BA272E8E00CE00CEB22E /* Build configuration list for PBXNativeTarget "MacMultipeer" */;
			buildPhases = (
				2116BA002E8E00CD00CEB22E /* Sources */,
				2116BA012E8E00CD00CEB22E /* Frameworks */,
				2116BA022E8E00CD00CEB22E /* Resources */,
			);
			buildRules = (
			);
			dependencies = (
			);
			fileSystemSynchronizedGroups = (
				2116BA062E8E00CD00CEB22E /* MacMultipeer */,
			);
			name = MacMultipeer;
			packageProductDependencies = (
			);
			productName = MacMultipeer;
			productReference = 2116BA042E8E00CD00CEB22E /* MacMultipeer.app */;
			productType = "com.apple.product-type.application";
		};
		2116BA122E8E00CE00CEB22E /* MacMultipeerTests */ = {
			isa = PBXNativeTarget;
			buildConfigurationList = 2116BA2A2E8E00CE00CEB22E /* Build configuration list for PBXNativeTarget "MacMultipeerTests" */;
			buildPhases = (
				2116BA0F2E8E00CE00CEB22E /* Sources */,
				2116BA102E8E00CE00CEB22E /* Frameworks */,
				2116BA112E8E00CE00CEB22E /* Resources */,
			);
			buildRules = (
			);
			dependencies = (
				2116BA152E8E00CE00CEB22E /* PBXTargetDependency */,
			);
			fileSystemSynchronizedGroups = (
				2116BA162E8E00CE00CEB22E /* MacMultipeerTests */,
			);
			name = MacMultipeerTests;
			packageProductDependencies = (
			);
			productName = MacMultipeerTests;
			productReference = 2116BA132E8E00CE00CEB22E /* MacMultipeerTests.xctest */;
			productType = "com.apple.product-type.bundle.unit-test";
		};
		2116BA1C2E8E00CE00CEB22E /* MacMultipeerUITests */ = {
			isa = PBXNativeTarget;
			buildConfigurationList = 2116BA2D2E8E00CE00CEB22E /* Build configuration list for PBXNativeTarget "MacMultipeerUITests" */;
			buildPhases = (
				2116BA192E8E00CE00CEB22E /* Sources */,
				2116BA1A2E8E00CE00CEB22E /* Frameworks */,
				2116BA1B2E8E00CE00CEB22E /* Resources */,
			);
			buildRules = (
			);
			dependencies = (
				2116BA1F2E8E00CE00CEB22E /* PBXTargetDependency */,
			);
			fileSystemSynchronizedGroups = (
				2116BA202E8E00CE00CEB22E /* MacMultipeerUITests */,
			);
			name = MacMultipeerUITests;
			packageProductDependencies = (
			);
			productName = MacMultipeerUITests;
			productReference = 2116BA1D2E8E00CE00CEB22E /* MacMultipeerUITests.xctest */;
			productType = "com.apple.product-type.bundle.ui-testing";
		};
		21383CE32E8F479200099915 /* MacMultipeerIOS */ = {
			isa = PBXNativeTarget;
			buildConfigurationList = 21383D042E8F479200099915 /* Build configuration list for PBXNativeTarget "MacMultipeerIOS" */;
			buildPhases = (
				21383CE02E8F479200099915 /* Sources */,
				21383CE12E8F479200099915 /* Frameworks */,
				21383CE22E8F479200099915 /* Resources */,
			);
			buildRules = (
			);
			dependencies = (
			);
			fileSystemSynchronizedGroups = (
				21383CE52E8F479200099915 /* MacMultipeerIOS */,
			);
			name = MacMultipeerIOS;
			packageProductDependencies = (
			);
			productName = MacMultipeerIOS;
			productReference = 21383CE42E8F479200099915 /* MacMultipeerIOS.app */;
			productType = "com.apple.product-type.application";
		};
		21383CF12E8F479200099915 /* MacMultipeerIOSTests */ = {
			isa = PBXNativeTarget;
			buildConfigurationList = 21383D072E8F479200099915 /* Build configuration list for PBXNativeTarget "MacMultipeerIOSTests" */;
			buildPhases = (
				21383CEE2E8F479200099915 /* Sources */,
				21383CEF2E8F479200099915 /* Frameworks */,
				21383CF02E8F479200099915 /* Resources */,
			);
			buildRules = (
			);
			dependencies = (
				21383CF42E8F479200099915 /* PBXTargetDependency */,
			);
			fileSystemSynchronizedGroups = (
				21383CF52E8F479200099915 /* MacMultipeerIOSTests */,
			);
			name = MacMultipeerIOSTests;
			packageProductDependencies = (
			);
			productName = MacMultipeerIOSTests;
			productReference = 21383CF22E8F479200099915 /* MacMultipeerIOSTests.xctest */;
			productType = "com.apple.product-type.bundle.unit-test";
		};
		21383CFB2E8F479200099915 /* MacMultipeerIOSUITests */ = {
			isa = PBXNativeTarget;
			buildConfigurationList = 21383D0A2E8F479200099915 /* Build configuration list for PBXNativeTarget "MacMultipeerIOSUITests" */;
			buildPhases = (
				21383CF82E8F479200099915 /* Sources */,
				21383CF92E8F479200099915 /* Frameworks */,
				21383CFA2E8F479200099915 /* Resources */,
			);
			buildRules = (
			);
			dependencies = (
				21383CFE2E8F479200099915 /* PBXTargetDependency */,
			);
			fileSystemSynchronizedGroups = (
				21383CFF2E8F479200099915 /* MacMultipeerIOSUITests */,
			);
			name = MacMultipeerIOSUITests;
			packageProductDependencies = (
			);
			productName = MacMultipeerIOSUITests;
			productReference = 21383CFC2E8F479200099915 /* MacMultipeerIOSUITests.xctest */;
			productType = "com.apple.product-type.bundle.ui-testing";
		};
/* End PBXNativeTarget section */

/* Begin PBXProject section */
		2116B9FC2E8E00CD00CEB22E /* Project object */ = {
			isa = PBXProject;
			attributes = {
				BuildIndependentTargetsInParallel = 1;
				LastSwiftUpdateCheck = 2600;
				LastUpgradeCheck = 2600;
				TargetAttributes = {
					2116BA032E8E00CD00CEB22E = {
						CreatedOnToolsVersion = 26.0;
					};
					2116BA122E8E00CE00CEB22E = {
						CreatedOnToolsVersion = 26.0;
						TestTargetID = 2116BA032E8E00CD00CEB22E;
					};
					2116BA1C2E8E00CE00CEB22E = {
						CreatedOnToolsVersion = 26.0;
						TestTargetID = 2116BA032E8E00CD00CEB22E;
					};
					21383CE32E8F479200099915 = {
						CreatedOnToolsVersion = 26.0;
					};
					21383CF12E8F479200099915 = {
						CreatedOnToolsVersion = 26.0;
						TestTargetID = 21383CE32E8F479200099915;
					};
					21383CFB2E8F479200099915 = {
						CreatedOnToolsVersion = 26.0;
						TestTargetID = 21383CE32E8F479200099915;
					};
				};
			};
			buildConfigurationList = 2116B9FF2E8E00CD00CEB22E /* Build configuration list for PBXProject "MacMultipeer" */;
			developmentRegion = en;
			hasScannedForEncodings = 0;
			knownRegions = (
				en,
				Base,
			);
			mainGroup = 2116B9FB2E8E00CD00CEB22E;
			minimizedProjectReferenceProxies = 1;
			preferredProjectObjectVersion = 77;
			productRefGroup = 2116BA052E8E00CD00CEB22E /* Products */;
			projectDirPath = "";
			projectRoot = "";
			targets = (
				2116BA032E8E00CD00CEB22E /* MacMultipeer */,
				2116BA122E8E00CE00CEB22E /* MacMultipeerTests */,
				2116BA1C2E8E00CE00CEB22E /* MacMultipeerUITests */,
				21383CE32E8F479200099915 /* MacMultipeerIOS */,
				21383CF12E8F479200099915 /* MacMultipeerIOSTests */,
				21383CFB2E8F479200099915 /* MacMultipeerIOSUITests */,
			);
		};
/* End PBXProject section */

/* Begin PBXResourcesBuildPhase section */
		2116BA022E8E00CD00CEB22E /* Resources */ = {
			isa = PBXResourcesBuildPhase;
			buildActionMask = 2147483647;
			files = (
			);
			runOnlyForDeploymentPostprocessing = 0;
		};
		2116BA112E8E00CE00CEB22E /* Resources */ = {
			isa = PBXResourcesBuildPhase;
			buildActionMask = 2147483647;
			files = (
			);
			runOnlyForDeploymentPostprocessing = 0;
		};
		2116BA1B2E8E00CE00CEB22E /* Resources */ = {
			isa = PBXResourcesBuildPhase;
			buildActionMask = 2147483647;
			files = (
			);
			runOnlyForDeploymentPostprocessing = 0;
		};
		21383CE22E8F479200099915 /* Resources */ = {
			isa = PBXResourcesBuildPhase;
			buildActionMask = 2147483647;
			files = (
			);
			runOnlyForDeploymentPostprocessing = 0;
		};
		21383CF02E8F479200099915 /* Resources */ = {
			isa = PBXResourcesBuildPhase;
			buildActionMask = 2147483647;
			files = (
			);
			runOnlyForDeploymentPostprocessing = 0;
		};
		21383CFA2E8F479200099915 /* Resources */ = {
			isa = PBXResourcesBuildPhase;
			buildActionMask = 2147483647;
			files = (
			);
			runOnlyForDeploymentPostprocessing = 0;
		};
/* End PBXResourcesBuildPhase section */

/* Begin PBXSourcesBuildPhase section */
		2116BA002E8E00CD00CEB22E /* Sources */ = {
			isa = PBXSourcesBuildPhase;
			buildActionMask = 2147483647;
			files = (
			);
			runOnlyForDeploymentPostprocessing = 0;
		};
		2116BA0F2E8E00CE00CEB22E /* Sources */ = {
			isa = PBXSourcesBuildPhase;
			buildActionMask = 2147483647;
			files = (
			);
			runOnlyForDeploymentPostprocessing = 0;
		};
		2116BA192E8E00CE00CEB22E /* Sources */ = {
			isa = PBXSourcesBuildPhase;
			buildActionMask = 2147483647;
			files = (
			);
			runOnlyForDeploymentPostprocessing = 0;
		};
		21383CE02E8F479200099915 /* Sources */ = {
			isa = PBXSourcesBuildPhase;
			buildActionMask = 2147483647;
			files = (
			);
			runOnlyForDeploymentPostprocessing = 0;
		};
		21383CEE2E8F479200099915 /* Sources */ = {
			isa = PBXSourcesBuildPhase;
			buildActionMask = 2147483647;
			files = (
			);
			runOnlyForDeploymentPostprocessing = 0;
		};
		21383CF82E8F479200099915 /* Sources */ = {
			isa = PBXSourcesBuildPhase;
			buildActionMask = 2147483647;
			files = (
			);
			runOnlyForDeploymentPostprocessing = 0;
		};
/* End PBXSourcesBuildPhase section */

/* Begin PBXTargetDependency section */
		2116BA152E8E00CE00CEB22E /* PBXTargetDependency */ = {
			isa = PBXTargetDependency;
			target = 2116BA032E8E00CD00CEB22E /* MacMultipeer */;
			targetProxy = 2116BA142E8E00CE00CEB22E /* PBXContainerItemProxy */;
		};
		2116BA1F2E8E00CE00CEB22E /* PBXTargetDependency */ = {
			isa = PBXTargetDependency;
			target = 2116BA032E8E00CD00CEB22E /* MacMultipeer */;
			targetProxy = 2116BA1E2E8E00CE00CEB22E /* PBXContainerItemProxy */;
		};
		21383CF42E8F479200099915 /* PBXTargetDependency */ = {
			isa = PBXTargetDependency;
			target = 21383CE32E8F479200099915 /* MacMultipeerIOS */;
			targetProxy = 21383CF32E8F479200099915 /* PBXContainerItemProxy */;
		};
		21383CFE2E8F479200099915 /* PBXTargetDependency */ = {
			isa = PBXTargetDependency;
			target = 21383CE32E8F479200099915 /* MacMultipeerIOS */;
			targetProxy = 21383CFD2E8F479200099915 /* PBXContainerItemProxy */;
		};
/* End PBXTargetDependency section */

/* Begin XCBuildConfiguration section */
		2116BA252E8E00CE00CEB22E /* Debug */ = {
			isa = XCBuildConfiguration;
			buildSettings = {
				ALWAYS_SEARCH_USER_PATHS = NO;
				ASSETCATALOG_COMPILER_GENERATE_SWIFT_ASSET_SYMBOL_EXTENSIONS = YES;
				CLANG_ANALYZER_NONNULL = YES;
				CLANG_ANALYZER_NUMBER_OBJECT_CONVERSION = YES_AGGRESSIVE;
				CLANG_CXX_LANGUAGE_STANDARD = "gnu++20";
				CLANG_ENABLE_MODULES = YES;
				CLANG_ENABLE_OBJC_ARC = YES;
				CLANG_ENABLE_OBJC_WEAK = YES;
				CLANG_WARN_BLOCK_CAPTURE_AUTORELEASING = YES;
				CLANG_WARN_BOOL_CONVERSION = YES;
				CLANG_WARN_COMMA = YES;
				CLANG_WARN_CONSTANT_CONVERSION = YES;
				CLANG_WARN_DEPRECATED_OBJC_IMPLEMENTATIONS = YES;
				CLANG_WARN_DIRECT_OBJC_ISA_USAGE = YES_ERROR;
				CLANG_WARN_DOCUMENTATION_COMMENTS = YES;
				CLANG_WARN_EMPTY_BODY = YES;
				CLANG_WARN_ENUM_CONVERSION = YES;
				CLANG_WARN_INFINITE_RECURSION = YES;
				CLANG_WARN_INT_CONVERSION = YES;
				CLANG_WARN_NON_LITERAL_NULL_CONVERSION = YES;
				CLANG_WARN_OBJC_IMPLICIT_RETAIN_SELF = YES;
				CLANG_WARN_OBJC_LITERAL_CONVERSION = YES;
				CLANG_WARN_OBJC_ROOT_CLASS = YES_ERROR;
				CLANG_WARN_QUOTED_INCLUDE_IN_FRAMEWORK_HEADER = YES;
				CLANG_WARN_RANGE_LOOP_ANALYSIS = YES;
				CLANG_WARN_STRICT_PROTOTYPES = YES;
				CLANG_WARN_SUSPICIOUS_MOVE = YES;
				CLANG_WARN_UNGUARDED_AVAILABILITY = YES_AGGRESSIVE;
				CLANG_WARN_UNREACHABLE_CODE = YES;
				CLANG_WARN__DUPLICATE_METHOD_MATCH = YES;
				COPY_PHASE_STRIP = NO;
				DEBUG_INFORMATION_FORMAT = dwarf;
				DEVELOPMENT_TEAM = "";
				ENABLE_STRICT_OBJC_MSGSEND = YES;
				ENABLE_TESTABILITY = YES;
				ENABLE_USER_SCRIPT_SANDBOXING = YES;
				GCC_C_LANGUAGE_STANDARD = gnu17;
				GCC_DYNAMIC_NO_PIC = NO;
				GCC_NO_COMMON_BLOCKS = YES;
				GCC_OPTIMIZATION_LEVEL = 0;
				GCC_PREPROCESSOR_DEFINITIONS = (
					"DEBUG=1",
					"$(inherited)",
				);
				GCC_WARN_64_TO_32_BIT_CONVERSION = YES;
				GCC_WARN_ABOUT_RETURN_TYPE = YES_ERROR;
				GCC_WARN_UNDECLARED_SELECTOR = YES;
				GCC_WARN_UNINITIALIZED_AUTOS = YES_AGGRESSIVE;
				GCC_WARN_UNUSED_FUNCTION = YES;
				GCC_WARN_UNUSED_VARIABLE = YES;
				LOCALIZATION_PREFERS_STRING_CATALOGS = YES;
				MTL_ENABLE_DEBUG_INFO = INCLUDE_SOURCE;
				MTL_FAST_MATH = YES;
				ONLY_ACTIVE_ARCH = YES;
				SWIFT_ACTIVE_COMPILATION_CONDITIONS = "DEBUG $(inherited)";
				SWIFT_OPTIMIZATION_LEVEL = "-Onone";
			};
			name = Debug;
		};
		2116BA262E8E00CE00CEB22E /* Release */ = {
			isa = XCBuildConfiguration;
			buildSettings = {
				ALWAYS_SEARCH_USER_PATHS = NO;
				ASSETCATALOG_COMPILER_GENERATE_SWIFT_ASSET_SYMBOL_EXTENSIONS = YES;
				CLANG_ANALYZER_NONNULL = YES;
				CLANG_ANALYZER_NUMBER_OBJECT_CONVERSION = YES_AGGRESSIVE;
				CLANG_CXX_LANGUAGE_STANDARD = "gnu++20";
				CLANG_ENABLE_MODULES = YES;
				CLANG_ENABLE_OBJC_ARC = YES;
				CLANG_ENABLE_OBJC_WEAK = YES;
				CLANG_WARN_BLOCK_CAPTURE_AUTORELEASING = YES;
				CLANG_WARN_BOOL_CONVERSION = YES;
				CLANG_WARN_COMMA = YES;
				CLANG_WARN_CONSTANT_CONVERSION = YES;
				CLANG_WARN_DEPRECATED_OBJC_IMPLEMENTATIONS = YES;
				CLANG_WARN_DIRECT_OBJC_ISA_USAGE = YES_ERROR;
				CLANG_WARN_DOCUMENTATION_COMMENTS = YES;
				CLANG_WARN_EMPTY_BODY = YES;
				CLANG_WARN_ENUM_CONVERSION = YES;
				CLANG_WARN_INFINITE_RECURSION = YES;
				CLANG_WARN_INT_CONVERSION = YES;
				CLANG_WARN_NON_LITERAL_NULL_CONVERSION = YES;
				CLANG_WARN_OBJC_IMPLICIT_RETAIN_SELF = YES;
				CLANG_WARN_OBJC_LITERAL_CONVERSION = YES;
				CLANG_WARN_OBJC_ROOT_CLASS = YES_ERROR;
				CLANG_WARN_QUOTED_INCLUDE_IN_FRAMEWORK_HEADER = YES;
				CLANG_WARN_RANGE_LOOP_ANALYSIS = YES;
				CLANG_WARN_STRICT_PROTOTYPES = YES;
				CLANG_WARN_SUSPICIOUS_MOVE = YES;
				CLANG_WARN_UNGUARDED_AVAILABILITY = YES_AGGRESSIVE;
				CLANG_WARN_UNREACHABLE_CODE = YES;
				CLANG_WARN__DUPLICATE_METHOD_MATCH = YES;
				COPY_PHASE_STRIP = NO;
				DEBUG_INFORMATION_FORMAT = "dwarf-with-dsym";
				DEVELOPMENT_TEAM = "";
				ENABLE_NS_ASSERTIONS = NO;
				ENABLE_STRICT_OBJC_MSGSEND = YES;
				ENABLE_USER_SCRIPT_SANDBOXING = YES;
				GCC_C_LANGUAGE_STANDARD = gnu17;
				GCC_NO_COMMON_BLOCKS = YES;
				GCC_WARN_64_TO_32_BIT_CONVERSION = YES;
				GCC_WARN_ABOUT_RETURN_TYPE = YES_ERROR;
				GCC_WARN_UNDECLARED_SELECTOR = YES;
				GCC_WARN_UNINITIALIZED_AUTOS = YES_AGGRESSIVE;
				GCC_WARN_UNUSED_FUNCTION = YES;
				GCC_WARN_UNUSED_VARIABLE = YES;
				LOCALIZATION_PREFERS_STRING_CATALOGS = YES;
				MTL_ENABLE_DEBUG_INFO = NO;
				MTL_FAST_MATH = YES;
				SWIFT_COMPILATION_MODE = wholemodule;
			};
			name = Release;
		};
		2116BA282E8E00CE00CEB22E /* Debug */ = {
			isa = XCBuildConfiguration;
			buildSettings = {
				ASSETCATALOG_COMPILER_APPICON_NAME = AppIcon;
				ASSETCATALOG_COMPILER_GLOBAL_ACCENT_COLOR_NAME = AccentColor;
				"CODE_SIGN_IDENTITY[sdk=macosx*]" = "Apple Development";
				CODE_SIGN_STYLE = Automatic;
				CURRENT_PROJECT_VERSION = 1;
				DEVELOPMENT_TEAM = "";
				ENABLE_APP_SANDBOX = YES;
				ENABLE_HARDENED_RUNTIME = YES;
				ENABLE_INCOMING_NETWORK_CONNECTIONS = YES;
				ENABLE_OUTGOING_NETWORK_CONNECTIONS = YES;
				ENABLE_PREVIEWS = YES;
				ENABLE_RESOURCE_ACCESS_AUDIO_INPUT = NO;
				ENABLE_RESOURCE_ACCESS_BLUETOOTH = NO;
				ENABLE_RESOURCE_ACCESS_CALENDARS = NO;
				ENABLE_RESOURCE_ACCESS_CAMERA = YES;
				ENABLE_RESOURCE_ACCESS_CONTACTS = NO;
				ENABLE_RESOURCE_ACCESS_LOCATION = NO;
				ENABLE_RESOURCE_ACCESS_PRINTING = NO;
				ENABLE_RESOURCE_ACCESS_USB = NO;
				ENABLE_USER_SELECTED_FILES = readonly;
				GENERATE_INFOPLIST_FILE = YES;
				INFOPLIST_KEY_NSLocalNetworkUsageDescription = Yes;
				"INFOPLIST_KEY_UIApplicationSceneManifest_Generation[sdk=iphoneos*]" = YES;
				"INFOPLIST_KEY_UIApplicationSceneManifest_Generation[sdk=iphonesimulator*]" = YES;
				"INFOPLIST_KEY_UIApplicationSupportsIndirectInputEvents[sdk=iphoneos*]" = YES;
				"INFOPLIST_KEY_UIApplicationSupportsIndirectInputEvents[sdk=iphonesimulator*]" = YES;
				"INFOPLIST_KEY_UILaunchScreen_Generation[sdk=iphoneos*]" = YES;
				"INFOPLIST_KEY_UILaunchScreen_Generation[sdk=iphonesimulator*]" = YES;
				"INFOPLIST_KEY_UIStatusBarStyle[sdk=iphoneos*]" = UIStatusBarStyleDefault;
				"INFOPLIST_KEY_UIStatusBarStyle[sdk=iphonesimulator*]" = UIStatusBarStyleDefault;
				INFOPLIST_KEY_UISupportedInterfaceOrientations_iPad = "UIInterfaceOrientationPortrait UIInterfaceOrientationPortraitUpsideDown UIInterfaceOrientationLandscapeLeft UIInterfaceOrientationLandscapeRight";
				INFOPLIST_KEY_UISupportedInterfaceOrientations_iPhone = "UIInterfaceOrientationPortrait UIInterfaceOrientationLandscapeLeft UIInterfaceOrientationLandscapeRight";
				IPHONEOS_DEPLOYMENT_TARGET = 18.3;
				LD_RUNPATH_SEARCH_PATHS = "@executable_path/Frameworks";
				"LD_RUNPATH_SEARCH_PATHS[sdk=macosx*]" = "@executable_path/../Frameworks";
				MACOSX_DEPLOYMENT_TARGET = 26.0;
				MARKETING_VERSION = 1.0;
				PRODUCT_BUNDLE_IDENTIFIER = com.example.MacMultipeer;
				PRODUCT_NAME = "$(TARGET_NAME)";
				REGISTER_APP_GROUPS = YES;
				SDKROOT = auto;
				STRING_CATALOG_GENERATE_SYMBOLS = YES;
				SUPPORTED_PLATFORMS = "iphoneos iphonesimulator macosx xros xrsimulator";
				SWIFT_APPROACHABLE_CONCURRENCY = YES;
				SWIFT_DEFAULT_ACTOR_ISOLATION = MainActor;
				SWIFT_EMIT_LOC_STRINGS = YES;
				SWIFT_UPCOMING_FEATURE_MEMBER_IMPORT_VISIBILITY = YES;
				SWIFT_VERSION = 5.0;
				TARGETED_DEVICE_FAMILY = "1,2,7";
				XROS_DEPLOYMENT_TARGET = 26.0;
			};
			name = Debug;
		};
		2116BA292E8E00CE00CEB22E /* Release */ = {
			isa = XCBuildConfiguration;
			buildSettings = {
				ASSETCATALOG_COMPILER_APPICON_NAME = AppIcon;
				ASSETCATALOG_COMPILER_GLOBAL_ACCENT_COLOR_NAME = AccentColor;
				"CODE_SIGN_IDENTITY[sdk=macosx*]" = "Apple Development";
				CODE_SIGN_STYLE = Automatic;
				CURRENT_PROJECT_VERSION = 1;
				DEVELOPMENT_TEAM = "";
				ENABLE_APP_SANDBOX = YES;
				ENABLE_HARDENED_RUNTIME = YES;
				ENABLE_INCOMING_NETWORK_CONNECTIONS = YES;
				ENABLE_OUTGOING_NETWORK_CONNECTIONS = YES;
				ENABLE_PREVIEWS = YES;
				ENABLE_RESOURCE_ACCESS_AUDIO_INPUT = NO;
				ENABLE_RESOURCE_ACCESS_BLUETOOTH = NO;
				ENABLE_RESOURCE_ACCESS_CALENDARS = NO;
				ENABLE_RESOURCE_ACCESS_CAMERA = YES;
				ENABLE_RESOURCE_ACCESS_CONTACTS = NO;
				ENABLE_RESOURCE_ACCESS_LOCATION = NO;
				ENABLE_RESOURCE_ACCESS_PRINTING = NO;
				ENABLE_RESOURCE_ACCESS_USB = NO;
				ENABLE_USER_SELECTED_FILES = readonly;
				GENERATE_INFOPLIST_FILE = YES;
				INFOPLIST_KEY_NSLocalNetworkUsageDescription = Yes;
				"INFOPLIST_KEY_UIApplicationSceneManifest_Generation[sdk=iphoneos*]" = YES;
				"INFOPLIST_KEY_UIApplicationSceneManifest_Generation[sdk=iphonesimulator*]" = YES;
				"INFOPLIST_KEY_UIApplicationSupportsIndirectInputEvents[sdk=iphoneos*]" = YES;
				"INFOPLIST_KEY_UIApplicationSupportsIndirectInputEvents[sdk=iphonesimulator*]" = YES;
				"INFOPLIST_KEY_UILaunchScreen_Generation[sdk=iphoneos*]" = YES;
				"INFOPLIST_KEY_UILaunchScreen_Generation[sdk=iphonesimulator*]" = YES;
				"INFOPLIST_KEY_UIStatusBarStyle[sdk=iphoneos*]" = UIStatusBarStyleDefault;
				"INFOPLIST_KEY_UIStatusBarStyle[sdk=iphonesimulator*]" = UIStatusBarStyleDefault;
				INFOPLIST_KEY_UISupportedInterfaceOrientations_iPad = "UIInterfaceOrientationPortrait UIInterfaceOrientationPortraitUpsideDown UIInterfaceOrientationLandscapeLeft UIInterfaceOrientationLandscapeRight";
				INFOPLIST_KEY_UISupportedInterfaceOrientations_iPhone = "UIInterfaceOrientationPortrait UIInterfaceOrientationLandscapeLeft UIInterfaceOrientationLandscapeRight";
				IPHONEOS_DEPLOYMENT_TARGET = 18.3;
				LD_RUNPATH_SEARCH_PATHS = "@executable_path/Frameworks";
				"LD_RUNPATH_SEARCH_PATHS[sdk=macosx*]" = "@executable_path/../Frameworks";
				MACOSX_DEPLOYMENT_TARGET = 26.0;
				MARKETING_VERSION = 1.0;
				PRODUCT_BUNDLE_IDENTIFIER = com.example.MacMultipeer;
				PRODUCT_NAME = "$(TARGET_NAME)";
				REGISTER_APP_GROUPS = YES;
				SDKROOT = auto;
				STRING_CATALOG_GENERATE_SYMBOLS = YES;
				SUPPORTED_PLATFORMS = "iphoneos iphonesimulator macosx xros xrsimulator";
				SWIFT_APPROACHABLE_CONCURRENCY = YES;
				SWIFT_DEFAULT_ACTOR_ISOLATION = MainActor;
				SWIFT_EMIT_LOC_STRINGS = YES;
				SWIFT_UPCOMING_FEATURE_MEMBER_IMPORT_VISIBILITY = YES;
				SWIFT_VERSION = 5.0;
				TARGETED_DEVICE_FAMILY = "1,2,7";
				XROS_DEPLOYMENT_TARGET = 26.0;
			};
			name = Release;
		};
		2116BA2B2E8E00CE00CEB22E /* Debug */ = {
			isa = XCBuildConfiguration;
			buildSettings = {
				BUNDLE_LOADER = "$(TEST_HOST)";
				CODE_SIGN_STYLE = Automatic;
				CURRENT_PROJECT_VERSION = 1;
				DEVELOPMENT_TEAM = "";
				GENERATE_INFOPLIST_FILE = YES;
				IPHONEOS_DEPLOYMENT_TARGET = 26.0;
				MACOSX_DEPLOYMENT_TARGET = 26.0;
				MARKETING_VERSION = 1.0;
				PRODUCT_BUNDLE_IDENTIFIER = com.example.MacMultipeerTests;
				PRODUCT_NAME = "$(TARGET_NAME)";
				SDKROOT = auto;
				STRING_CATALOG_GENERATE_SYMBOLS = NO;
				SUPPORTED_PLATFORMS = "iphoneos iphonesimulator macosx xros xrsimulator";
				SWIFT_APPROACHABLE_CONCURRENCY = YES;
				SWIFT_EMIT_LOC_STRINGS = NO;
				SWIFT_UPCOMING_FEATURE_MEMBER_IMPORT_VISIBILITY = YES;
				SWIFT_VERSION = 5.0;
				TARGETED_DEVICE_FAMILY = "1,2,7";
				TEST_HOST = "$(BUILT_PRODUCTS_DIR)/MacMultipeer.app/$(BUNDLE_EXECUTABLE_FOLDER_PATH)/MacMultipeer";
				XROS_DEPLOYMENT_TARGET = 26.0;
			};
			name = Debug;
		};
		2116BA2C2E8E00CE00CEB22E /* Release */ = {
			isa = XCBuildConfiguration;
			buildSettings = {
				BUNDLE_LOADER = "$(TEST_HOST)";
				CODE_SIGN_STYLE = Automatic;
				CURRENT_PROJECT_VERSION = 1;
				DEVELOPMENT_TEAM = "";
				GENERATE_INFOPLIST_FILE = YES;
				IPHONEOS_DEPLOYMENT_TARGET = 26.0;
				MACOSX_DEPLOYMENT_TARGET = 26.0;
				MARKETING_VERSION = 1.0;
				PRODUCT_BUNDLE_IDENTIFIER = com.example.MacMultipeerTests;
				PRODUCT_NAME = "$(TARGET_NAME)";
				SDKROOT = auto;
				STRING_CATALOG_GENERATE_SYMBOLS = NO;
				SUPPORTED_PLATFORMS = "iphoneos iphonesimulator macosx xros xrsimulator";
				SWIFT_APPROACHABLE_CONCURRENCY = YES;
				SWIFT_EMIT_LOC_STRINGS = NO;
				SWIFT_UPCOMING_FEATURE_MEMBER_IMPORT_VISIBILITY = YES;
				SWIFT_VERSION = 5.0;
				TARGETED_DEVICE_FAMILY = "1,2,7";
				TEST_HOST = "$(BUILT_PRODUCTS_DIR)/MacMultipeer.app/$(BUNDLE_EXECUTABLE_FOLDER_PATH)/MacMultipeer";
				XROS_DEPLOYMENT_TARGET = 26.0;
			};
			name = Release;
		};
		2116BA2E2E8E00CE00CEB22E /* Debug */ = {
			isa = XCBuildConfiguration;
			buildSettings = {
				CODE_SIGN_STYLE = Automatic;
				CURRENT_PROJECT_VERSION = 1;
				DEVELOPMENT_TEAM = "";
				GENERATE_INFOPLIST_FILE = YES;
				IPHONEOS_DEPLOYMENT_TARGET = 26.0;
				MACOSX_DEPLOYMENT_TARGET = 26.0;
				MARKETING_VERSION = 1.0;
				PRODUCT_BUNDLE_IDENTIFIER = com.example.MacMultipeerUITests;
				PRODUCT_NAME = "$(TARGET_NAME)";
				SDKROOT = auto;
				STRING_CATALOG_GENERATE_SYMBOLS = NO;
				SUPPORTED_PLATFORMS = "iphoneos iphonesimulator macosx xros xrsimulator";
				SWIFT_APPROACHABLE_CONCURRENCY = YES;
				SWIFT_EMIT_LOC_STRINGS = NO;
				SWIFT_UPCOMING_FEATURE_MEMBER_IMPORT_VISIBILITY = YES;
				SWIFT_VERSION = 5.0;
				TARGETED_DEVICE_FAMILY = "1,2,7";
				TEST_TARGET_NAME = MacMultipeer;
				XROS_DEPLOYMENT_TARGET = 26.0;
			};
			name = Debug;
		};
		2116BA2F2E8E00CE00CEB22E /* Release */ = {
			isa = XCBuildConfiguration;
			buildSettings = {
				CODE_SIGN_STYLE = Automatic;
				CURRENT_PROJECT_VERSION = 1;
				DEVELOPMENT_TEAM = "";
				GENERATE_INFOPLIST_FILE = YES;
				IPHONEOS_DEPLOYMENT_TARGET = 26.0;
				MACOSX_DEPLOYMENT_TARGET = 26.0;
				MARKETING_VERSION = 1.0;
				PRODUCT_BUNDLE_IDENTIFIER = com.example.MacMultipeerUITests;
				PRODUCT_NAME = "$(TARGET_NAME)";
				SDKROOT = auto;
				STRING_CATALOG_GENERATE_SYMBOLS = NO;
				SUPPORTED_PLATFORMS = "iphoneos iphonesimulator macosx xros xrsimulator";
				SWIFT_APPROACHABLE_CONCURRENCY = YES;
				SWIFT_EMIT_LOC_STRINGS = NO;
				SWIFT_UPCOMING_FEATURE_MEMBER_IMPORT_VISIBILITY = YES;
				SWIFT_VERSION = 5.0;
				TARGETED_DEVICE_FAMILY = "1,2,7";
				TEST_TARGET_NAME = MacMultipeer;
				XROS_DEPLOYMENT_TARGET = 26.0;
			};
			name = Release;
		};
		21383D052E8F479200099915 /* Debug */ = {
			isa = XCBuildConfiguration;
			buildSettings = {
				ASSETCATALOG_COMPILER_APPICON_NAME = AppIcon;
				ASSETCATALOG_COMPILER_GLOBAL_ACCENT_COLOR_NAME = AccentColor;
				CODE_SIGN_STYLE = Automatic;
				CURRENT_PROJECT_VERSION = 1;
				DEVELOPMENT_TEAM = "";
				ENABLE_PREVIEWS = YES;
				GENERATE_INFOPLIST_FILE = YES;
				INFOPLIST_FILE = MacMultipeerIOS/Info.plist;
				INFOPLIST_KEY_NSLocalNetworkUsageDescription = "This app uses local networking to discover and connect to other devices for screen mirroring and control.";
				INFOPLIST_KEY_UIApplicationSceneManifest_Generation = YES;
				INFOPLIST_KEY_UIApplicationSupportsIndirectInputEvents = YES;
				INFOPLIST_KEY_UILaunchScreen_Generation = YES;
				INFOPLIST_KEY_UISupportedInterfaceOrientations_iPad = "UIInterfaceOrientationPortrait UIInterfaceOrientationPortraitUpsideDown UIInterfaceOrientationLandscapeLeft UIInterfaceOrientationLandscapeRight";
				INFOPLIST_KEY_UISupportedInterfaceOrientations_iPhone = "UIInterfaceOrientationPortrait UIInterfaceOrientationLandscapeLeft UIInterfaceOrientationLandscapeRight";
				IPHONEOS_DEPLOYMENT_TARGET = 18.3;
				LD_RUNPATH_SEARCH_PATHS = (
					"$(inherited)",
					"@executable_path/Frameworks",
				);
				MARKETING_VERSION = 1.0;
				PRODUCT_BUNDLE_IDENTIFIER = com.example.MacMultipeerIOS;
				PRODUCT_NAME = "$(TARGET_NAME)";
				SDKROOT = iphoneos;
				STRINGS_FILE_INFOPLIST_RENAME = YES;
				STRING_CATALOG_GENERATE_SYMBOLS = YES;
				SWIFT_APPROACHABLE_CONCURRENCY = YES;
				SWIFT_DEFAULT_ACTOR_ISOLATION = MainActor;
				SWIFT_EMIT_LOC_STRINGS = YES;
				SWIFT_UPCOMING_FEATURE_MEMBER_IMPORT_VISIBILITY = YES;
				SWIFT_VERSION = 5.0;
				TARGETED_DEVICE_FAMILY = "1,2";
			};
			name = Debug;
		};
		21383D062E8F479200099915 /* Release */ = {
			isa = XCBuildConfiguration;
			buildSettings = {
				ASSETCATALOG_COMPILER_APPICON_NAME = AppIcon;
				ASSETCATALOG_COMPILER_GLOBAL_ACCENT_COLOR_NAME = AccentColor;
				CODE_SIGN_STYLE = Automatic;
				CURRENT_PROJECT_VERSION = 1;
				DEVELOPMENT_TEAM = "";
				ENABLE_PREVIEWS = YES;
				GENERATE_INFOPLIST_FILE = YES;
				INFOPLIST_FILE = MacMultipeerIOS/Info.plist;
				INFOPLIST_KEY_NSLocalNetworkUsageDescription = "This app uses local networking to discover and connect to other devices for screen mirroring and control.";
				INFOPLIST_KEY_UIApplicationSceneManifest_Generation = YES;
				INFOPLIST_KEY_UIApplicationSupportsIndirectInputEvents = YES;
				INFOPLIST_KEY_UILaunchScreen_Generation = YES;
				INFOPLIST_KEY_UISupportedInterfaceOrientations_iPad = "UIInterfaceOrientationPortrait UIInterfaceOrientationPortraitUpsideDown UIInterfaceOrientationLandscapeLeft UIInterfaceOrientationLandscapeRight";
				INFOPLIST_KEY_UISupportedInterfaceOrientations_iPhone = "UIInterfaceOrientationPortrait UIInterfaceOrientationLandscapeLeft UIInterfaceOrientationLandscapeRight";
				IPHONEOS_DEPLOYMENT_TARGET = 18.3;
				LD_RUNPATH_SEARCH_PATHS = (
					"$(inherited)",
					"@executable_path/Frameworks",
				);
				MARKETING_VERSION = 1.0;
				PRODUCT_BUNDLE_IDENTIFIER = com.example.MacMultipeerIOS;
				PRODUCT_NAME = "$(TARGET_NAME)";
				SDKROOT = iphoneos;
				STRINGS_FILE_INFOPLIST_RENAME = YES;
				STRING_CATALOG_GENERATE_SYMBOLS = YES;
				SWIFT_APPROACHABLE_CONCURRENCY = YES;
				SWIFT_DEFAULT_ACTOR_ISOLATION = MainActor;
				SWIFT_EMIT_LOC_STRINGS = YES;
				SWIFT_UPCOMING_FEATURE_MEMBER_IMPORT_VISIBILITY = YES;
				SWIFT_VERSION = 5.0;
				TARGETED_DEVICE_FAMILY = "1,2";
				VALIDATE_PRODUCT = YES;
			};
			name = Release;
		};
		21383D082E8F479200099915 /* Debug */ = {
			isa = XCBuildConfiguration;
			buildSettings = {
				BUNDLE_LOADER = "$(TEST_HOST)";
				CODE_SIGN_STYLE = Automatic;
				CURRENT_PROJECT_VERSION = 1;
				DEVELOPMENT_TEAM = "";
				GENERATE_INFOPLIST_FILE = YES;
				IPHONEOS_DEPLOYMENT_TARGET = 26.0;
				MARKETING_VERSION = 1.0;
				PRODUCT_BUNDLE_IDENTIFIER = com.example.MacMultipeer.MacMultipeerIOSTests;
				PRODUCT_NAME = "$(TARGET_NAME)";
				SDKROOT = iphoneos;
				STRING_CATALOG_GENERATE_SYMBOLS = NO;
				SWIFT_APPROACHABLE_CONCURRENCY = YES;
				SWIFT_EMIT_LOC_STRINGS = NO;
				SWIFT_UPCOMING_FEATURE_MEMBER_IMPORT_VISIBILITY = YES;
				SWIFT_VERSION = 5.0;
				TARGETED_DEVICE_FAMILY = "1,2";
				TEST_HOST = "$(BUILT_PRODUCTS_DIR)/MacMultipeerIOS.app/$(BUNDLE_EXECUTABLE_FOLDER_PATH)/MacMultipeerIOS";
			};
			name = Debug;
		};
		21383D092E8F479200099915 /* Release */ = {
			isa = XCBuildConfiguration;
			buildSettings = {
				BUNDLE_LOADER = "$(TEST_HOST)";
				CODE_SIGN_STYLE = Automatic;
				CURRENT_PROJECT_VERSION = 1;
				DEVELOPMENT_TEAM = "";
				GENERATE_INFOPLIST_FILE = YES;
				IPHONEOS_DEPLOYMENT_TARGET = 26.0;
				MARKETING_VERSION = 1.0;
				PRODUCT_BUNDLE_IDENTIFIER = com.example.MacMultipeer.MacMultipeerIOSTests;
				PRODUCT_NAME = "$(TARGET_NAME)";
				SDKROOT = iphoneos;
				STRING_CATALOG_GENERATE_SYMBOLS = NO;
				SWIFT_APPROACHABLE_CONCURRENCY = YES;
				SWIFT_EMIT_LOC_STRINGS = NO;
				SWIFT_UPCOMING_FEATURE_MEMBER_IMPORT_VISIBILITY = YES;
				SWIFT_VERSION = 5.0;
				TARGETED_DEVICE_FAMILY = "1,2";
				TEST_HOST = "$(BUILT_PRODUCTS_DIR)/MacMultipeerIOS.app/$(BUNDLE_EXECUTABLE_FOLDER_PATH)/MacMultipeerIOS";
				VALIDATE_PRODUCT = YES;
			};
			name = Release;
		};
		21383D0B2E8F479200099915 /* Debug */ = {
			isa = XCBuildConfiguration;
			buildSettings = {
				CODE_SIGN_STYLE = Automatic;
				CURRENT_PROJECT_VERSION = 1;
				DEVELOPMENT_TEAM = "";
				GENERATE_INFOPLIST_FILE = YES;
				IPHONEOS_DEPLOYMENT_TARGET = 26.0;
				MARKETING_VERSION = 1.0;
				PRODUCT_BUNDLE_IDENTIFIER = com.example.MacMultipeer.MacMultipeerIOSUITests;
				PRODUCT_NAME = "$(TARGET_NAME)";
				SDKROOT = iphoneos;
				STRING_CATALOG_GENERATE_SYMBOLS = NO;
				SWIFT_APPROACHABLE_CONCURRENCY = YES;
				SWIFT_EMIT_LOC_STRINGS = NO;
				SWIFT_UPCOMING_FEATURE_MEMBER_IMPORT_VISIBILITY = YES;
				SWIFT_VERSION = 5.0;
				TARGETED_DEVICE_FAMILY = "1,2";
				TEST_TARGET_NAME = MacMultipeerIOS;
			};
			name = Debug;
		};
		21383D0C2E8F479200099915 /* Release */ = {
			isa = XCBuildConfiguration;
			buildSettings = {
				CODE_SIGN_STYLE = Automatic;
				CURRENT_PROJECT_VERSION = 1;
				DEVELOPMENT_TEAM = "";
				GENERATE_INFOPLIST_FILE = YES;
				IPHONEOS_DEPLOYMENT_TARGET = 26.0;
				MARKETING_VERSION = 1.0;
				PRODUCT_BUNDLE_IDENTIFIER = com.example.MacMultipeer.MacMultipeerIOSUITests;
				PRODUCT_NAME = "$(TARGET_NAME)";
				SDKROOT = iphoneos;
				STRING_CATALOG_GENERATE_SYMBOLS = NO;
				SWIFT_APPROACHABLE_CONCURRENCY = YES;
				SWIFT_EMIT_LOC_STRINGS = NO;
				SWIFT_UPCOMING_FEATURE_MEMBER_IMPORT_VISIBILITY = YES;
				SWIFT_VERSION = 5.0;
				TARGETED_DEVICE_FAMILY = "1,2";
				TEST_TARGET_NAME = MacMultipeerIOS;
				VALIDATE_PRODUCT = YES;
			};
			name = Release;
		};
/* End XCBuildConfiguration section */

/* Begin XCConfigurationList section */
		2116B9FF2E8E00CD00CEB22E /* Build configuration list for PBXProject "MacMultipeer" */ = {
			isa = XCConfigurationList;
			buildConfigurations = (
				2116BA252E8E00CE00CEB22E /* Debug */,
				2116BA262E8E00CE00CEB22E /* Release */,
			);
			defaultConfigurationIsVisible = 0;
			defaultConfigurationName = Release;
		};
		2116BA272E8E00CE00CEB22E /* Build configuration list for PBXNativeTarget "MacMultipeer" */ = {
			isa = XCConfigurationList;
			buildConfigurations = (
				2116BA282E8E00CE00CEB22E /* Debug */,
				2116BA292E8E00CE00CEB22E /* Release */,
			);
			defaultConfigurationIsVisible = 0;
			defaultConfigurationName = Release;
		};
		2116BA2A2E8E00CE00CEB22E /* Build configuration list for PBXNativeTarget "MacMultipeerTests" */ = {
			isa = XCConfigurationList;
			buildConfigurations = (
				2116BA2B2E8E00CE00CEB22E /* Debug */,
				2116BA2C2E8E00CE00CEB22E /* Release */,
			);
			defaultConfigurationIsVisible = 0;
			defaultConfigurationName = Release;
		};
		2116BA2D2E8E00CE00CEB22E /* Build configuration list for PBXNativeTarget "MacMultipeerUITests" */ = {
			isa = XCConfigurationList;
			buildConfigurations = (
				2116BA2E2E8E00CE00CEB22E /* Debug */,
				2116BA2F2E8E00CE00CEB22E /* Release */,
			);
			defaultConfigurationIsVisible = 0;
			defaultConfigurationName = Release;
		};
		21383D042E8F479200099915 /* Build configuration list for PBXNativeTarget "MacMultipeerIOS" */ = {
			isa = XCConfigurationList;
			buildConfigurations = (
				21383D052E8F479200099915 /* Debug */,
				21383D062E8F479200099915 /* Release */,
			);
			defaultConfigurationIsVisible = 0;
			defaultConfigurationName = Release;
		};
		21383D072E8F479200099915 /* Build configuration list for PBXNativeTarget "MacMultipeerIOSTests" */ = {
			isa = XCConfigurationList;
			buildConfigurations = (
				21383D082E8F479200099915 /* Debug */,
				21383D092E8F479200099915 /* Release */,
			);
			defaultConfigurationIsVisible = 0;
			defaultConfigurationName = Release;
		};
		21383D0A2E8F479200099915 /* Build configuration list for PBXNativeTarget "MacMultipeerIOSUITests" */ = {
			isa = XCConfigurationList;
			buildConfigurations = (
				21383D0B2E8F479200099915 /* Debug */,
				21383D0C2E8F479200099915 /* Release */,
			);
			defaultConfigurationIsVisible = 0;
			defaultConfigurationName = Release;
		};
/* End XCConfigurationList section */
	};
	rootObject = 2116B9FC2E8E00CD00CEB22E /* Project object */;
}
